
Microsoft Visual Studio Solution File, Format Version 12.00
# Visual Studio 14
VisualStudioVersion = 14.0.24720.0
MinimumVisualStudioVersion = 10.0.40219.1
Project("{FAE04EC0-301F-11D3-BF4B-00C04F79EFBC}") = "ConsoleApplication3", "ConsoleApplication3\ConsoleApplication3.csproj", "{3536F1E3-63C9-4795-901A-58919A5A5D95}"
EndProject
Project("{FAE04EC0-301F-11D3-BF4B-00C04F79EFBC}") = "ConsoleApplication1", "ConsoleApplication1\ConsoleApplication1.csproj", "{5C938C87-A025-4277-AD4A-F02D04CE25B6}"
EndProject
Project("{FAE04EC0-301F-11D3-BF4B-00C04F79EFBC}") = "ConsoleApplication2", "ConsoleApplication2\ConsoleApplication2.csproj", "{7159BB9A-6A58-465E-ACF1-428174E642A2}"
EndProject
Project("{FAE04EC0-301F-11D3-BF4B-00C04F79EFBC}") = "ConsoleApplication4", "ConsoleApplication4\ConsoleApplication4.csproj", "{19D4A04C-EADE-416C-8DFD-2ABEA59C939E}"
EndProject
Project("{FAE04EC0-301F-11D3-BF4B-00C04F79EFBC}") = "ConsoleApplication5", "ConsoleApplication5\ConsoleApplication5.csproj", "{C4ABE2BD-7172-4637-B543-913745D27C5A}"
EndProject
Global
	GlobalSection(SolutionConfigurationPlatforms) = preSolution
		Debug|Any CPU = Debug|Any CPU
		Release|Any CPU = Release|Any CPU
	EndGlobalSection
	GlobalSection(ProjectConfigurationPlatforms) = postSolution
		{3536F1E3-63C9-4795-901A-58919A5A5D95}.Debug|Any CPU.ActiveCfg = Debug|Any CPU
		{3536F1E3-63C9-4795-901A-58919A5A5D95}.Debug|Any CPU.Build.0 = Debug|Any CPU
		{3536F1E3-63C9-4795-901A-58919A5A5D95}.Release|Any CPU.ActiveCfg = Release|Any CPU
		{3536F1E3-63C9-4795-901A-58919A5A5D95}.Release|Any CPU.Build.0 = Release|Any CPU
		{5C938C87-A025-4277-AD4A-F02D04CE25B6}.Debug|Any CPU.ActiveCfg = Debug|Any CPU
		{5C938C87-A025-4277-AD4A-F02D04CE25B6}.Debug|Any CPU.Build.0 = Debug|Any CPU
		{5C938C87-A025-4277-AD4A-F02D04CE25B6}.Release|Any CPU.ActiveCfg = Release|Any CPU
		{5C938C87-A025-4277-AD4A-F02D04CE25B6}.Release|Any CPU.Build.0 = Release|Any CPU
		{7159BB9A-6A58-465E-ACF1-428174E642A2}.Debug|Any CPU.ActiveCfg = Debug|Any CPU
		{7159BB9A-6A58-465E-ACF1-428174E642A2}.Debug|Any CPU.Build.0 = Debug|Any CPU
		{7159BB9A-6A58-465E-ACF1-428174E642A2}.Release|Any CPU.ActiveCfg = Release|Any CPU
		{7159BB9A-6A58-465E-ACF1-428174E642A2}.Release|Any CPU.Build.0 = Release|Any CPU
		{19D4A04C-EADE-416C-8DFD-2ABEA59C939E}.Debug|Any CPU.ActiveCfg = Debug|Any CPU
		{19D4A04C-EADE-416C-8DFD-2ABEA59C939E}.Debug|Any CPU.Build.0 = Debug|Any CPU
		{19D4A04C-EADE-416C-8DFD-2ABEA59C939E}.Release|Any CPU.ActiveCfg = Release|Any CPU
		{19D4A04C-EADE-416C-8DFD-2ABEA59C939E}.Release|Any CPU.Build.0 = Release|Any CPU
		{C4ABE2BD-7172-4637-B543-913745D27C5A}.Debug|Any CPU.ActiveCfg = Debug|Any CPU
		{C4ABE2BD-7172-4637-B543-913745D27C5A}.Debug|Any CPU.Build.0 = Debug|Any CPU
		{C4ABE2BD-7172-4637-B543-913745D27C5A}.Release|Any CPU.ActiveCfg = Release|Any CPU
		{C4ABE2BD-7172-4637-B543-913745D27C5A}.Release|Any CPU.Build.0 = Release|Any CPU
	EndGlobalSection
	GlobalSection(SolutionProperties) = preSolution
		HideSolutionNode = FALSE
	EndGlobalSection
EndGlobal
