
Microsoft Visual Studio Solution File, Format Version 12.00
# Visual Studio 14
VisualStudioVersion = 14.0.24720.0
MinimumVisualStudioVersion = 10.0.40219.1
Project("{FAE04EC0-301F-11D3-BF4B-00C04F79EFBC}") = "ConsoleApplication6", "ConsoleApplication6\ConsoleApplication6.csproj", "{02C29429-3920-4A54-9C7B-F89FDFFD3575}"
EndProject
Project("{FAE04EC0-301F-11D3-BF4B-00C04F79EFBC}") = "ConsoleApplication1", "ConsoleApplication1\ConsoleApplication1.csproj", "{EB380D7A-B88F-437E-8F62-9D9CD2A08265}"
EndProject
Project("{FAE04EC0-301F-11D3-BF4B-00C04F79EFBC}") = "ConsoleApplication2", "ConsoleApplication2\ConsoleApplication2.csproj", "{D9812E59-C19D-4E2B-97AD-30C727CC0FB6}"
EndProject
Project("{FAE04EC0-301F-11D3-BF4B-00C04F79EFBC}") = "ConsoleApplication3", "ConsoleApplication3\ConsoleApplication3.csproj", "{06B1FBF0-CBD6-452E-BCD9-0602C7F9603E}"
EndProject
Global
	GlobalSection(SolutionConfigurationPlatforms) = preSolution
		Debug|Any CPU = Debug|Any CPU
		Release|Any CPU = Release|Any CPU
	EndGlobalSection
	GlobalSection(ProjectConfigurationPlatforms) = postSolution
		{02C29429-3920-4A54-9C7B-F89FDFFD3575}.Debug|Any CPU.ActiveCfg = Debug|Any CPU
		{02C29429-3920-4A54-9C7B-F89FDFFD3575}.Debug|Any CPU.Build.0 = Debug|Any CPU
		{02C29429-3920-4A54-9C7B-F89FDFFD3575}.Release|Any CPU.ActiveCfg = Release|Any CPU
		{02C29429-3920-4A54-9C7B-F89FDFFD3575}.Release|Any CPU.Build.0 = Release|Any CPU
		{EB380D7A-B88F-437E-8F62-9D9CD2A08265}.Debug|Any CPU.ActiveCfg = Debug|Any CPU
		{EB380D7A-B88F-437E-8F62-9D9CD2A08265}.Debug|Any CPU.Build.0 = Debug|Any CPU
		{EB380D7A-B88F-437E-8F62-9D9CD2A08265}.Release|Any CPU.ActiveCfg = Release|Any CPU
		{EB380D7A-B88F-437E-8F62-9D9CD2A08265}.Release|Any CPU.Build.0 = Release|Any CPU
		{D9812E59-C19D-4E2B-97AD-30C727CC0FB6}.Debug|Any CPU.ActiveCfg = Debug|Any CPU
		{D9812E59-C19D-4E2B-97AD-30C727CC0FB6}.Debug|Any CPU.Build.0 = Debug|Any CPU
		{D9812E59-C19D-4E2B-97AD-30C727CC0FB6}.Release|Any CPU.ActiveCfg = Release|Any CPU
		{D9812E59-C19D-4E2B-97AD-30C727CC0FB6}.Release|Any CPU.Build.0 = Release|Any CPU
		{06B1FBF0-CBD6-452E-BCD9-0602C7F9603E}.Debug|Any CPU.ActiveCfg = Debug|Any CPU
		{06B1FBF0-CBD6-452E-BCD9-0602C7F9603E}.Debug|Any CPU.Build.0 = Debug|Any CPU
		{06B1FBF0-CBD6-452E-BCD9-0602C7F9603E}.Release|Any CPU.ActiveCfg = Release|Any CPU
		{06B1FBF0-CBD6-452E-BCD9-0602C7F9603E}.Release|Any CPU.Build.0 = Release|Any CPU
	EndGlobalSection
	GlobalSection(SolutionProperties) = preSolution
		HideSolutionNode = FALSE
	EndGlobalSection
EndGlobal
